
Microsoft Visual Studio Solution File, Format Version 12.00
# Visual Studio Version 17
VisualStudioVersion = 17.9.34616.47
MinimumVisualStudioVersion = 10.0.40219.1
Project("{9A19103F-16F7-4668-BE54-9A1E7A4F7556}") = "SampleAPI", "SampleAPI.csproj", "{5204DEE8-5012-44FC-B9C2-D57AB3386857}"
EndProject
Project("{FAE04EC0-301F-11D3-BF4B-00C04F79EFBC}") = "WebApp", "..\WebApp\WebApp.csproj", "{37623DFA-6A6A-4358-ABEB-DB5A06E83C85}"
	ProjectSection(ProjectDependencies) = postProject
		{5204DEE8-5012-44FC-B9C2-D57AB3386857} = {5204DEE8-5012-44FC-B9C2-D57AB3386857}
	EndProjectSection
EndProject
Global
	GlobalSection(SolutionConfigurationPlatforms) = preSolution
		Debug|Any CPU = Debug|Any CPU
		Release|Any CPU = Release|Any CPU
	EndGlobalSection
	GlobalSection(ProjectConfigurationPlatforms) = postSolution
		{5204DEE8-5012-44FC-B9C2-D57AB3386857}.Debug|Any CPU.ActiveCfg = Debug|Any CPU
		{5204DEE8-5012-44FC-B9C2-D57AB3386857}.Debug|Any CPU.Build.0 = Debug|Any CPU
		{5204DEE8-5012-44FC-B9C2-D57AB3386857}.Release|Any CPU.ActiveCfg = Release|Any CPU
		{5204DEE8-5012-44FC-B9C2-D57AB3386857}.Release|Any CPU.Build.0 = Release|Any CPU
		{37623DFA-6A6A-4358-ABEB-DB5A06E83C85}.Debug|Any CPU.ActiveCfg = Debug|Any CPU
		{37623DFA-6A6A-4358-ABEB-DB5A06E83C85}.Debug|Any CPU.Build.0 = Debug|Any CPU
		{37623DFA-6A6A-4358-ABEB-DB5A06E83C85}.Release|Any CPU.ActiveCfg = Release|Any CPU
		{37623DFA-6A6A-4358-ABEB-DB5A06E83C85}.Release|Any CPU.Build.0 = Release|Any CPU
	EndGlobalSection
	GlobalSection(SolutionProperties) = preSolution
		HideSolutionNode = FALSE
	EndGlobalSection
	GlobalSection(ExtensibilityGlobals) = postSolution
		SolutionGuid = {910ECFB4-A433-4B77-AD13-3061EF722DCB}
	EndGlobalSection
EndGlobal
